
Microsoft Visual Studio Solution File, Format Version 12.00
# Visual Studio Version 17
VisualStudioVersion = 17.0.31903.59
MinimumVisualStudioVersion = 10.0.40219.1
Project("{2150E333-8FDC-42A3-9474-1A3956D46DE8}") = "src", "src", "{827E0CD3-B72D-47B6-A68D-7590B98EB39B}"
EndProject
Project("{FAE04EC0-301F-11D3-BF4B-00C04F79EFBC}") = "ChatGPTWebSdk", "src\ChatGPTWebSdk\ChatGPTWebSdk.csproj", "{5FC68F2C-0D32-416E-982C-6B93220AC267}"
EndProject
Project("{FAE04EC0-301F-11D3-BF4B-00C04F79EFBC}") = "ChatGPTWebSdk.Proxy", "src\ChatGPTWebSdk.Proxy\ChatGPTWebSdk.Proxy.csproj", "{B0F9C222-1D0A-4B03-A686-EEC17A5F9863}"
EndProject
Project("{2150E333-8FDC-42A3-9474-1A3956D46DE8}") = "tools", "tools", "{07C2787E-EAC7-C090-1BA3-A61EC2A24D84}"
EndProject
Project("{FAE04EC0-301F-11D3-BF4B-00C04F79EFBC}") = "ChatGPTWebSdk.SpecGen", "tools\ChatGPTWebSdk.SpecGen\ChatGPTWebSdk.SpecGen.csproj", "{77A89254-31D8-4F5F-8EF5-E86CBE431644}"
EndProject
Project("{2150E333-8FDC-42A3-9474-1A3956D46DE8}") = "tests", "tests", "{0AB3BF05-4346-4AA6-1389-037BE0695223}"
EndProject
Project("{FAE04EC0-301F-11D3-BF4B-00C04F79EFBC}") = "ChatGPTWebSdk.Tests", "tests\ChatGPTWebSdk.Tests\ChatGPTWebSdk.Tests.csproj", "{15159BE9-F92A-43C5-B97E-4EB02903DA38}"
EndProject
Project("{FAE04EC0-301F-11D3-BF4B-00C04F79EFBC}") = "ChatGPTWebSdk.Cli", "tools\ChatGPTWebSdk.Cli\ChatGPTWebSdk.Cli.csproj", "{1E4E00D9-FDBC-44BF-9696-F7869DAADEF4}"
EndProject
Project("{FAE04EC0-301F-11D3-BF4B-00C04F79EFBC}") = "ChatGPTWebSdk.OpenAI", "src\ChatGPTWebSdk.OpenAI\ChatGPTWebSdk.OpenAI.csproj", "{97B1DD91-2130-4C2B-BAF6-94BD566ED768}"
EndProject
Project("{FAE04EC0-301F-11D3-BF4B-00C04F79EFBC}") = "ChatGPTWebSdk.Browser", "src\ChatGPTWebSdk.Browser\ChatGPTWebSdk.Browser.csproj", "{8FDC6C98-88AF-4BFA-9EF0-B291E0ADC949}"
EndProject
Project("{FAE04EC0-301F-11D3-BF4B-00C04F79EFBC}") = "ChatGPTWebSdk.ApiCompat", "tools\ChatGPTWebSdk.ApiCompat\ChatGPTWebSdk.ApiCompat.csproj", "{31EC6887-5BDC-4658-AC1F-37F4464AB81B}"
EndProject
Global
	GlobalSection(SolutionConfigurationPlatforms) = preSolution
		Debug|Any CPU = Debug|Any CPU
		Debug|x64 = Debug|x64
		Debug|x86 = Debug|x86
		Release|Any CPU = Release|Any CPU
		Release|x64 = Release|x64
		Release|x86 = Release|x86
	EndGlobalSection
	GlobalSection(ProjectConfigurationPlatforms) = postSolution
		{5FC68F2C-0D32-416E-982C-6B93220AC267}.Debug|Any CPU.ActiveCfg = Debug|Any CPU
		{5FC68F2C-0D32-416E-982C-6B93220AC267}.Debug|Any CPU.Build.0 = Debug|Any CPU
		{5FC68F2C-0D32-416E-982C-6B93220AC267}.Debug|x64.ActiveCfg = Debug|Any CPU
		{5FC68F2C-0D32-416E-982C-6B93220AC267}.Debug|x64.Build.0 = Debug|Any CPU
		{5FC68F2C-0D32-416E-982C-6B93220AC267}.Debug|x86.ActiveCfg = Debug|Any CPU
		{5FC68F2C-0D32-416E-982C-6B93220AC267}.Debug|x86.Build.0 = Debug|Any CPU
		{5FC68F2C-0D32-416E-982C-6B93220AC267}.Release|Any CPU.ActiveCfg = Release|Any CPU
		{5FC68F2C-0D32-416E-982C-6B93220AC267}.Release|Any CPU.Build.0 = Release|Any CPU
		{5FC68F2C-0D32-416E-982C-6B93220AC267}.Release|x64.ActiveCfg = Release|Any CPU
		{5FC68F2C-0D32-416E-982C-6B93220AC267}.Release|x64.Build.0 = Release|Any CPU
		{5FC68F2C-0D32-416E-982C-6B93220AC267}.Release|x86.ActiveCfg = Release|Any CPU
		{5FC68F2C-0D32-416E-982C-6B93220AC267}.Release|x86.Build.0 = Release|Any CPU
		{B0F9C222-1D0A-4B03-A686-EEC17A5F9863}.Debug|Any CPU.ActiveCfg = Debug|Any CPU
		{B0F9C222-1D0A-4B03-A686-EEC17A5F9863}.Debug|Any CPU.Build.0 = Debug|Any CPU
		{B0F9C222-1D0A-4B03-A686-EEC17A5F9863}.Debug|x64.ActiveCfg = Debug|Any CPU
		{B0F9C222-1D0A-4B03-A686-EEC17A5F9863}.Debug|x64.Build.0 = Debug|Any CPU
		{B0F9C222-1D0A-4B03-A686-EEC17A5F9863}.Debug|x86.ActiveCfg = Debug|Any CPU
		{B0F9C222-1D0A-4B03-A686-EEC17A5F9863}.Debug|x86.Build.0 = Debug|Any CPU
		{B0F9C222-1D0A-4B03-A686-EEC17A5F9863}.Release|Any CPU.ActiveCfg = Release|Any CPU
		{B0F9C222-1D0A-4B03-A686-EEC17A5F9863}.Release|Any CPU.Build.0 = Release|Any CPU
		{B0F9C222-1D0A-4B03-A686-EEC17A5F9863}.Release|x64.ActiveCfg = Release|Any CPU
		{B0F9C222-1D0A-4B03-A686-EEC17A5F9863}.Release|x64.Build.0 = Release|Any CPU
		{B0F9C222-1D0A-4B03-A686-EEC17A5F9863}.Release|x86.ActiveCfg = Release|Any CPU
		{B0F9C222-1D0A-4B03-A686-EEC17A5F9863}.Release|x86.Build.0 = Release|Any CPU
		{77A89254-31D8-4F5F-8EF5-E86CBE431644}.Debug|Any CPU.ActiveCfg = Debug|Any CPU
		{77A89254-31D8-4F5F-8EF5-E86CBE431644}.Debug|Any CPU.Build.0 = Debug|Any CPU
		{77A89254-31D8-4F5F-8EF5-E86CBE431644}.Debug|x64.ActiveCfg = Debug|Any CPU
		{77A89254-31D8-4F5F-8EF5-E86CBE431644}.Debug|x64.Build.0 = Debug|Any CPU
		{77A89254-31D8-4F5F-8EF5-E86CBE431644}.Debug|x86.ActiveCfg = Debug|Any CPU
		{77A89254-31D8-4F5F-8EF5-E86CBE431644}.Debug|x86.Build.0 = Debug|Any CPU
		{77A89254-31D8-4F5F-8EF5-E86CBE431644}.Release|Any CPU.ActiveCfg = Release|Any CPU
		{77A89254-31D8-4F5F-8EF5-E86CBE431644}.Release|Any CPU.Build.0 = Release|Any CPU
		{77A89254-31D8-4F5F-8EF5-E86CBE431644}.Release|x64.ActiveCfg = Release|Any CPU
		{77A89254-31D8-4F5F-8EF5-E86CBE431644}.Release|x64.Build.0 = Release|Any CPU
		{77A89254-31D8-4F5F-8EF5-E86CBE431644}.Release|x86.ActiveCfg = Release|Any CPU
		{77A89254-31D8-4F5F-8EF5-E86CBE431644}.Release|x86.Build.0 = Release|Any CPU
		{15159BE9-F92A-43C5-B97E-4EB02903DA38}.Debug|Any CPU.ActiveCfg = Debug|Any CPU
		{15159BE9-F92A-43C5-B97E-4EB02903DA38}.Debug|Any CPU.Build.0 = Debug|Any CPU
		{15159BE9-F92A-43C5-B97E-4EB02903DA38}.Debug|x64.ActiveCfg = Debug|Any CPU
		{15159BE9-F92A-43C5-B97E-4EB02903DA38}.Debug|x64.Build.0 = Debug|Any CPU
		{15159BE9-F92A-43C5-B97E-4EB02903DA38}.Debug|x86.ActiveCfg = Debug|Any CPU
		{15159BE9-F92A-43C5-B97E-4EB02903DA38}.Debug|x86.Build.0 = Debug|Any CPU
		{15159BE9-F92A-43C5-B97E-4EB02903DA38}.Release|Any CPU.ActiveCfg = Release|Any CPU
		{15159BE9-F92A-43C5-B97E-4EB02903DA38}.Release|Any CPU.Build.0 = Release|Any CPU
		{15159BE9-F92A-43C5-B97E-4EB02903DA38}.Release|x64.ActiveCfg = Release|Any CPU
		{15159BE9-F92A-43C5-B97E-4EB02903DA38}.Release|x64.Build.0 = Release|Any CPU
		{15159BE9-F92A-43C5-B97E-4EB02903DA38}.Release|x86.ActiveCfg = Release|Any CPU
		{15159BE9-F92A-43C5-B97E-4EB02903DA38}.Release|x86.Build.0 = Release|Any CPU
		{1E4E00D9-FDBC-44BF-9696-F7869DAADEF4}.Debug|Any CPU.ActiveCfg = Debug|Any CPU
		{1E4E00D9-FDBC-44BF-9696-F7869DAADEF4}.Debug|Any CPU.Build.0 = Debug|Any CPU
		{1E4E00D9-FDBC-44BF-9696-F7869DAADEF4}.Debug|x64.ActiveCfg = Debug|Any CPU
		{1E4E00D9-FDBC-44BF-9696-F7869DAADEF4}.Debug|x64.Build.0 = Debug|Any CPU
		{1E4E00D9-FDBC-44BF-9696-F7869DAADEF4}.Debug|x86.ActiveCfg = Debug|Any CPU
		{1E4E00D9-FDBC-44BF-9696-F7869DAADEF4}.Debug|x86.Build.0 = Debug|Any CPU
		{1E4E00D9-FDBC-44BF-9696-F7869DAADEF4}.Release|Any CPU.ActiveCfg = Release|Any CPU
		{1E4E00D9-FDBC-44BF-9696-F7869DAADEF4}.Release|Any CPU.Build.0 = Release|Any CPU
		{1E4E00D9-FDBC-44BF-9696-F7869DAADEF4}.Release|x64.ActiveCfg = Release|Any CPU
		{1E4E00D9-FDBC-44BF-9696-F7869DAADEF4}.Release|x64.Build.0 = Release|Any CPU
		{1E4E00D9-FDBC-44BF-9696-F7869DAADEF4}.Release|x86.ActiveCfg = Release|Any CPU
		{1E4E00D9-FDBC-44BF-9696-F7869DAADEF4}.Release|x86.Build.0 = Release|Any CPU
		{97B1DD91-2130-4C2B-BAF6-94BD566ED768}.Debug|Any CPU.ActiveCfg = Debug|Any CPU
		{97B1DD91-2130-4C2B-BAF6-94BD566ED768}.Debug|Any CPU.Build.0 = Debug|Any CPU
		{97B1DD91-2130-4C2B-BAF6-94BD566ED768}.Debug|x64.ActiveCfg = Debug|Any CPU
		{97B1DD91-2130-4C2B-BAF6-94BD566ED768}.Debug|x64.Build.0 = Debug|Any CPU
		{97B1DD91-2130-4C2B-BAF6-94BD566ED768}.Debug|x86.ActiveCfg = Debug|Any CPU
		{97B1DD91-2130-4C2B-BAF6-94BD566ED768}.Debug|x86.Build.0 = Debug|Any CPU
		{97B1DD91-2130-4C2B-BAF6-94BD566ED768}.Release|Any CPU.ActiveCfg = Release|Any CPU
		{97B1DD91-2130-4C2B-BAF6-94BD566ED768}.Release|Any CPU.Build.0 = Release|Any CPU
		{97B1DD91-2130-4C2B-BAF6-94BD566ED768}.Release|x64.ActiveCfg = Release|Any CPU
		{97B1DD91-2130-4C2B-BAF6-94BD566ED768}.Release|x64.Build.0 = Release|Any CPU
		{97B1DD91-2130-4C2B-BAF6-94BD566ED768}.Release|x86.ActiveCfg = Release|Any CPU
		{97B1DD91-2130-4C2B-BAF6-94BD566ED768}.Release|x86.Build.0 = Release|Any CPU
		{8FDC6C98-88AF-4BFA-9EF0-B291E0ADC949}.Debug|Any CPU.ActiveCfg = Debug|Any CPU
		{8FDC6C98-88AF-4BFA-9EF0-B291E0ADC949}.Debug|Any CPU.Build.0 = Debug|Any CPU
		{8FDC6C98-88AF-4BFA-9EF0-B291E0ADC949}.Debug|x64.ActiveCfg = Debug|Any CPU
		{8FDC6C98-88AF-4BFA-9EF0-B291E0ADC949}.Debug|x64.Build.0 = Debug|Any CPU
		{8FDC6C98-88AF-4BFA-9EF0-B291E0ADC949}.Debug|x86.ActiveCfg = Debug|Any CPU
		{8FDC6C98-88AF-4BFA-9EF0-B291E0ADC949}.Debug|x86.Build.0 = Debug|Any CPU
		{8FDC6C98-88AF-4BFA-9EF0-B291E0ADC949}.Release|Any CPU.ActiveCfg = Release|Any CPU
		{8FDC6C98-88AF-4BFA-9EF0-B291E0ADC949}.Release|Any CPU.Build.0 = Release|Any CPU
		{8FDC6C98-88AF-4BFA-9EF0-B291E0ADC949}.Release|x64.ActiveCfg = Release|Any CPU
		{8FDC6C98-88AF-4BFA-9EF0-B291E0ADC949}.Release|x64.Build.0 = Release|Any CPU
		{8FDC6C98-88AF-4BFA-9EF0-B291E0ADC949}.Release|x86.ActiveCfg = Release|Any CPU
		{8FDC6C98-88AF-4BFA-9EF0-B291E0ADC949}.Release|x86.Build.0 = Release|Any CPU
		{31EC6887-5BDC-4658-AC1F-37F4464AB81B}.Debug|Any CPU.ActiveCfg = Debug|Any CPU
		{31EC6887-5BDC-4658-AC1F-37F4464AB81B}.Debug|Any CPU.Build.0 = Debug|Any CPU
		{31EC6887-5BDC-4658-AC1F-37F4464AB81B}.Debug|x64.ActiveCfg = Debug|Any CPU
		{31EC6887-5BDC-4658-AC1F-37F4464AB81B}.Debug|x64.Build.0 = Debug|Any CPU
		{31EC6887-5BDC-4658-AC1F-37F4464AB81B}.Debug|x86.ActiveCfg = Debug|Any CPU
		{31EC6887-5BDC-4658-AC1F-37F4464AB81B}.Debug|x86.Build.0 = Debug|Any CPU
		{31EC6887-5BDC-4658-AC1F-37F4464AB81B}.Release|Any CPU.ActiveCfg = Release|Any CPU
		{31EC6887-5BDC-4658-AC1F-37F4464AB81B}.Release|Any CPU.Build.0 = Release|Any CPU
		{31EC6887-5BDC-4658-AC1F-37F4464AB81B}.Release|x64.ActiveCfg = Release|Any CPU
		{31EC6887-5BDC-4658-AC1F-37F4464AB81B}.Release|x64.Build.0 = Release|Any CPU
		{31EC6887-5BDC-4658-AC1F-37F4464AB81B}.Release|x86.ActiveCfg = Release|Any CPU
		{31EC6887-5BDC-4658-AC1F-37F4464AB81B}.Release|x86.Build.0 = Release|Any CPU
	EndGlobalSection
	GlobalSection(SolutionProperties) = preSolution
		HideSolutionNode = FALSE
	EndGlobalSection
	GlobalSection(NestedProjects) = preSolution
		{5FC68F2C-0D32-416E-982C-6B93220AC267} = {827E0CD3-B72D-47B6-A68D-7590B98EB39B}
		{B0F9C222-1D0A-4B03-A686-EEC17A5F9863} = {827E0CD3-B72D-47B6-A68D-7590B98EB39B}
		{77A89254-31D8-4F5F-8EF5-E86CBE431644} = {07C2787E-EAC7-C090-1BA3-A61EC2A24D84}
		{15159BE9-F92A-43C5-B97E-4EB02903DA38} = {0AB3BF05-4346-4AA6-1389-037BE0695223}
		{1E4E00D9-FDBC-44BF-9696-F7869DAADEF4} = {07C2787E-EAC7-C090-1BA3-A61EC2A24D84}
		{97B1DD91-2130-4C2B-BAF6-94BD566ED768} = {827E0CD3-B72D-47B6-A68D-7590B98EB39B}
		{8FDC6C98-88AF-4BFA-9EF0-B291E0ADC949} = {827E0CD3-B72D-47B6-A68D-7590B98EB39B}
		{31EC6887-5BDC-4658-AC1F-37F4464AB81B} = {07C2787E-EAC7-C090-1BA3-A61EC2A24D84}
	EndGlobalSection
EndGlobal
